// !$*UTF8*$!
{
	archiveVersion = 1;
	classes = {
	};
	objectVersion = 46;
	objects = {

/* Begin PBXBuildFile section */
		1889EF041E1CF2CD00D1F724 /* AppDelegate.swift in Sources */ = {isa = PBXBuildFile; fileRef = 1889EF031E1CF2CD00D1F724 /* AppDelegate.swift */; };
		1889EF061E1CF2CD00D1F724 /* ViewController.swift in Sources */ = {isa = PBXBuildFile; fileRef = 1889EF051E1CF2CD00D1F724 /* ViewController.swift */; };
		1889EF091E1CF2CD00D1F724 /* Main.storyboard in Resources */ = {isa = PBXBuildFile; fileRef = 1889EF071E1CF2CD00D1F724 /* Main.storyboard */; };
		1889EF0B1E1CF2CD00D1F724 /* Assets.xcassets in Resources */ = {isa = PBXBuildFile; fileRef = 1889EF0A1E1CF2CD00D1F724 /* Assets.xcassets */; };
		1889EF0E1E1CF2CD00D1F724 /* LaunchScreen.storyboard in Resources */ = {isa = PBXBuildFile; fileRef = 1889EF0C1E1CF2CD00D1F724 /* LaunchScreen.storyboard */; };
		1889EF191E1CF2CE00D1F724 /* PartyRockAppTests.swift in Sources */ = {isa = PBXBuildFile; fileRef = 1889EF181E1CF2CE00D1F724 /* PartyRockAppTests.swift */; };
		1889EF241E1CF2CE00D1F724 /* PartyRockAppUITests.swift in Sources */ = {isa = PBXBuildFile; fileRef = 1889EF231E1CF2CE00D1F724 /* PartyRockAppUITests.swift */; };
/* End PBXBuildFile section */

/* Begin PBXContainerItemProxy section */
		1889EF151E1CF2CE00D1F724 /* PBXContainerItemProxy */ = {
			isa = PBXContainerItemProxy;
			containerPortal = 1889EEF81E1CF2CD00D1F724 /* Project object */;
			proxyType = 1;
			remoteGlobalIDString = 1889EEFF1E1CF2CD00D1F724;
			remoteInfo = PartyRockApp;
		};
		1889EF201E1CF2CE00D1F724 /* PBXContainerItemProxy */ = {
			isa = PBXContainerItemProxy;
			containerPortal = 1889EEF81E1CF2CD00D1F724 /* Project object */;
			proxyType = 1;
			remoteGlobalIDString = 1889EEFF1E1CF2CD00D1F724;
			remoteInfo = PartyRockApp;
		};
/* End PBXContainerItemProxy section */

/* Begin PBXFileReference section */
		1889EF001E1CF2CD00D1F724 /* PartyRockApp.app */ = {isa = PBXFileReference; explicitFileType = wrapper.application; includeInIndex = 0; path = PartyRockApp.app; sourceTree = BUILT_PRODUCTS_DIR; };
		1889EF031E1CF2CD00D1F724 /* AppDelegate.swift */ = {isa = PBXFileReference; lastKnownFileType = sourcecode.swift; path = AppDelegate.swift; sourceTree = "<group>"; };
		1889EF051E1CF2CD00D1F724 /* ViewController.swift */ = {isa = PBXFileReference; lastKnownFileType = sourcecode.swift; path = ViewController.swift; sourceTree = "<group>"; };
		1889EF081E1CF2CD00D1F724 /* Base */ = {isa = PBXFileReference; lastKnownFileType = file.storyboard; name = Base; path = Base.lproj/Main.storyboard; sourceTree = "<group>"; };
		1889EF0A1E1CF2CD00D1F724 /* Assets.xcassets */ = {isa = PBXFileReference; lastKnownFileType = folder.assetcatalog; path = Assets.xcassets; sourceTree = "<group>"; };
		1889EF0D1E1CF2CD00D1F724 /* Base */ = {isa = PBXFileReference; lastKnownFileType = file.storyboard; name = Base; path = Base.lproj/LaunchScreen.storyboard; sourceTree = "<group>"; };
		1889EF0F1E1CF2CD00D1F724 /* Info.plist */ = {isa = PBXFileReference; lastKnownFileType = text.plist.xml; path = Info.plist; sourceTree = "<group>"; };
		1889EF141E1CF2CE00D1F724 /* PartyRockAppTests.xctest */ = {isa = PBXFileReference; explicitFileType = wrapper.cfbundle; includeInIndex = 0; path = PartyRockAppTests.xctest; sourceTree = BUILT_PRODUCTS_DIR; };
		1889EF181E1CF2CE00D1F724 /* PartyRockAppTests.swift */ = {isa = PBXFileReference; lastKnownFileType = sourcecode.swift; path = PartyRockAppTests.swift; sourceTree = "<group>"; };
		1889EF1A1E1CF2CE00D1F724 /* Info.plist */ = {isa = PBXFileReference; lastKnownFileType = text.plist.xml; path = Info.plist; sourceTree = "<group>"; };
		1889EF1F1E1CF2CE00D1F724 /* PartyRockAppUITests.xctest */ = {isa = PBXFileReference; explicitFileType = wrapper.cfbundle; includeInIndex = 0; path = PartyRockAppUITests.xctest; sourceTree = BUILT_PRODUCTS_DIR; };
		1889EF231E1CF2CE00D1F724 /* PartyRockAppUITests.swift */ = {isa = PBXFileReference; lastKnownFileType = sourcecode.swift; path = PartyRockAppUITests.swift; sourceTree = "<group>"; };
		1889EF251E1CF2CE00D1F724 /* Info.plist */ = {isa = PBXFileReference; lastKnownFileType = text.plist.xml; path = Info.plist; sourceTree = "<group>"; };
/* End PBXFileReference section */

/* Begin PBXFrameworksBuildPhase section */
		1889EEFD1E1CF2CD00D1F724 /* Frameworks */ = {
			isa = PBXFrameworksBuildPhase;
			buildActionMask = 2147483647;
			files = (
			);
			runOnlyForDeploymentPostprocessing = 0;
		};
		1889EF111E1CF2CE00D1F724 /* Frameworks */ = {
			isa = PBXFrameworksBuildPhase;
			buildActionMask = 2147483647;
			files = (
			);
			runOnlyForDeploymentPostprocessing = 0;
		};
		1889EF1C1E1CF2CE00D1F724 /* Frameworks */ = {
			isa = PBXFrameworksBuildPhase;
			buildActionMask = 2147483647;
			files = (
			);
			runOnlyForDeploymentPostprocessing = 0;
		};
/* End PBXFrameworksBuildPhase section */

/* Begin PBXGroup section */
		1889EEF71E1CF2CD00D1F724 = {
			isa = PBXGroup;
			children = (
				1889EF021E1CF2CD00D1F724 /* PartyRockApp */,
				1889EF171E1CF2CE00D1F724 /* PartyRockAppTests */,
				1889EF221E1CF2CE00D1F724 /* PartyRockAppUITests */,
				1889EF011E1CF2CD00D1F724 /* Products */,
			);
			sourceTree = "<group>";
		};
		1889EF011E1CF2CD00D1F724 /* Products */ = {
			isa = PBXGroup;
			children = (
				1889EF001E1CF2CD00D1F724 /* PartyRockApp.app */,
				1889EF141E1CF2CE00D1F724 /* PartyRockAppTests.xctest */,
				1889EF1F1E1CF2CE00D1F724 /* PartyRockAppUITests.xctest */,
			);
			name = Products;
			sourceTree = "<group>";
		};
		1889EF021E1CF2CD00D1F724 /* PartyRockApp */ = {
			isa = PBXGroup;
			children = (
				1889EF031E1CF2CD00D1F724 /* AppDelegate.swift */,
				1889EF051E1CF2CD00D1F724 /* ViewController.swift */,
				1889EF071E1CF2CD00D1F724 /* Main.storyboard */,
				1889EF0A1E1CF2CD00D1F724 /* Assets.xcassets */,
				1889EF0C1E1CF2CD00D1F724 /* LaunchScreen.storyboard */,
				1889EF0F1E1CF2CD00D1F724 /* Info.plist */,
			);
			path = PartyRockApp;
			sourceTree = "<group>";
		};
		1889EF171E1CF2CE00D1F724 /* PartyRockAppTests */ = {
			isa = PBXGroup;
			children = (
				1889EF181E1CF2CE00D1F724 /* PartyRockAppTests.swift */,
				1889EF1A1E1CF2CE00D1F724 /* Info.plist */,
			);
			path = PartyRockAppTests;
			sourceTree = "<group>";
		};
		1889EF221E1CF2CE00D1F724 /* PartyRockAppUITests */ = {
			isa = PBXGroup;
			children = (
				1889EF231E1CF2CE00D1F724 /* PartyRockAppUITests.swift */,
				1889EF251E1CF2CE00D1F724 /* Info.plist */,
			);
			path = PartyRockAppUITests;
			sourceTree = "<group>";
		};
/* End PBXGroup section */

/* Begin PBXNativeTarget section */
		1889EEFF1E1CF2CD00D1F724 /* PartyRockApp */ = {
			isa = PBXNativeTarget;
			buildConfigurationList = 1889EF281E1CF2CE00D1F724 /* Build configuration list for PBXNativeTarget "PartyRockApp" */;
			buildPhases = (
				1889EEFC1E1CF2CD00D1F724 /* Sources */,
				1889EEFD1E1CF2CD00D1F724 /* Frameworks */,
				1889EEFE1E1CF2CD00D1F724 /* Resources */,
			);
			buildRules = (
			);
			dependencies = (
			);
			name = PartyRockApp;
			productName = PartyRockApp;
			productReference = 1889EF001E1CF2CD00D1F724 /* PartyRockApp.app */;
			productType = "com.apple.product-type.application";
		};
		1889EF131E1CF2CE00D1F724 /* PartyRockAppTests */ = {
			isa = PBXNativeTarget;
			buildConfigurationList = 1889EF2B1E1CF2CE00D1F724 /* Build configuration list for PBXNativeTarget "PartyRockAppTests" */;
			buildPhases = (
				1889EF101E1CF2CE00D1F724 /* Sources */,
				1889EF111E1CF2CE00D1F724 /* Frameworks */,
				1889EF121E1CF2CE00D1F724 /* Resources */,
			);
			buildRules = (
			);
			dependencies = (
				1889EF161E1CF2CE00D1F724 /* PBXTargetDependency */,
			);
			name = PartyRockAppTests;
			productName = PartyRockAppTests;
			productReference = 1889EF141E1CF2CE00D1F724 /* PartyRockAppTests.xctest */;
			productType = "com.apple.product-type.bundle.unit-test";
		};
		1889EF1E1E1CF2CE00D1F724 /* PartyRockAppUITests */ = {
			isa = PBXNativeTarget;
			buildConfigurationList = 1889EF2E1E1CF2CE00D1F724 /* Build configuration list for PBXNativeTarget "PartyRockAppUITests" */;
			buildPhases = (
				1889EF1B1E1CF2CE00D1F724 /* Sources */,
				1889EF1C1E1CF2CE00D1F724 /* Frameworks */,
				1889EF1D1E1CF2CE00D1F724 /* Resources */,
			);
			buildRules = (
			);
			dependencies = (
				1889EF211E1CF2CE00D1F724 /* PBXTargetDependency */,
			);
			name = PartyRockAppUITests;
			productName = PartyRockAppUITests;
			productReference = 1889EF1F1E1CF2CE00D1F724 /* PartyRockAppUITests.xctest */;
			productType = "com.apple.product-type.bundle.ui-testing";
		};
/* End PBXNativeTarget section */

/* Begin PBXProject section */
		1889EEF81E1CF2CD00D1F724 /* Project object */ = {
			isa = PBXProject;
			attributes = {
				LastSwiftUpdateCheck = 0820;
				LastUpgradeCheck = 0820;
				ORGANIZATIONNAME = Hans;
				TargetAttributes = {
					1889EEFF1E1CF2CD00D1F724 = {
						CreatedOnToolsVersion = 8.2.1;
						ProvisioningStyle = Automatic;
					};
					1889EF131E1CF2CE00D1F724 = {
						CreatedOnToolsVersion = 8.2.1;
						ProvisioningStyle = Automatic;
						TestTargetID = 1889EEFF1E1CF2CD00D1F724;
					};
					1889EF1E1E1CF2CE00D1F724 = {
						CreatedOnToolsVersion = 8.2.1;
						ProvisioningStyle = Automatic;
						TestTargetID = 1889EEFF1E1CF2CD00D1F724;
					};
				};
			};
			buildConfigurationList = 1889EEFB1E1CF2CD00D1F724 /* Build configuration list for PBXProject "PartyRockApp" */;
			compatibilityVersion = "Xcode 3.2";
			developmentRegion = English;
			hasScannedForEncodings = 0;
			knownRegions = (
				en,
				Base,
			);
			mainGroup = 1889EEF71E1CF2CD00D1F724;
			productRefGroup = 1889EF011E1CF2CD00D1F724 /* Products */;
			projectDirPath = "";
			projectRoot = "";
			targets = (
				1889EEFF1E1CF2CD00D1F724 /* PartyRockApp */,
				1889EF131E1CF2CE00D1F724 /* PartyRockAppTests */,
				1889EF1E1E1CF2CE00D1F724 /* PartyRockAppUITests */,
			);
		};
/* End PBXProject section */

/* Begin PBXResourcesBuildPhase section */
		1889EEFE1E1CF2CD00D1F724 /* Resources */ = {
			isa = PBXResourcesBuildPhase;
			buildActionMask = 2147483647;
			files = (
				1889EF0E1E1CF2CD00D1F724 /* LaunchScreen.storyboard in Resources */,
				1889EF0B1E1CF2CD00D1F724 /* Assets.xcassets in Resources */,
				1889EF091E1CF2CD00D1F724 /* Main.storyboard in Resources */,
			);
			runOnlyForDeploymentPostprocessing = 0;
		};
		1889EF121E1CF2CE00D1F724 /* Resources */ = {
			isa = PBXResourcesBuildPhase;
			buildActionMask = 2147483647;
			files = (
			);
			runOnlyForDeploymentPostprocessing = 0;
		};
		1889EF1D1E1CF2CE00D1F724 /* Resources */ = {
			isa = PBXResourcesBuildPhase;
			buildActionMask = 2147483647;
			files = (
			);
			runOnlyForDeploymentPostprocessing = 0;
		};
/* End PBXResourcesBuildPhase section */

/* Begin PBXSourcesBuildPhase section */
		1889EEFC1E1CF2CD00D1F724 /* Sources */ = {
			isa = PBXSourcesBuildPhase;
			buildActionMask = 2147483647;
			files = (
				1889EF061E1CF2CD00D1F724 /* ViewController.swift in Sources */,
				1889EF041E1CF2CD00D1F724 /* AppDelegate.swift in Sources */,
			);
			runOnlyForDeploymentPostprocessing = 0;
		};
		1889EF101E1CF2CE00D1F724 /* Sources */ = {
			isa = PBXSourcesBuildPhase;
			buildActionMask = 2147483647;
			files = (
				1889EF191E1CF2CE00D1F724 /* PartyRockAppTests.swift in Sources */,
			);
			runOnlyForDeploymentPostprocessing = 0;
		};
		1889EF1B1E1CF2CE00D1F724 /* Sources */ = {
			isa = PBXSourcesBuildPhase;
			buildActionMask = 2147483647;
			files = (
				1889EF241E1CF2CE00D1F724 /* PartyRockAppUITests.swift in Sources */,
			);
			runOnlyForDeploymentPostprocessing = 0;
		};
/* End PBXSourcesBuildPhase section */

/* Begin PBXTargetDependency section */
		1889EF161E1CF2CE00D1F724 /* PBXTargetDependency */ = {
			isa = PBXTargetDependency;
			target = 1889EEFF1E1CF2CD00D1F724 /* PartyRockApp */;
			targetProxy = 1889EF151E1CF2CE00D1F724 /* PBXContainerItemProxy */;
		};
		1889EF211E1CF2CE00D1F724 /* PBXTargetDependency */ = {
			isa = PBXTargetDependency;
			target = 1889EEFF1E1CF2CD00D1F724 /* PartyRockApp */;
			targetProxy = 1889EF201E1CF2CE00D1F724 /* PBXContainerItemProxy */;
		};
/* End PBXTargetDependency section */

/* Begin PBXVariantGroup section */
		1889EF071E1CF2CD00D1F724 /* Main.storyboard */ = {
			isa = PBXVariantGroup;
			children = (
				1889EF081E1CF2CD00D1F724 /* Base */,
			);
			name = Main.storyboard;
			sourceTree = "<group>";
		};
		1889EF0C1E1CF2CD00D1F724 /* LaunchScreen.storyboard */ = {
			isa = PBXVariantGroup;
			children = (
				1889EF0D1E1CF2CD00D1F724 /* Base */,
			);
			name = LaunchScreen.storyboard;
			sourceTree = "<group>";
		};
/* End PBXVariantGroup section */

/* Begin XCBuildConfiguration section */
		1889EF261E1CF2CE00D1F724 /* Debug */ = {
			isa = XCBuildConfiguration;
			buildSettings = {
				ALWAYS_SEARCH_USER_PATHS = NO;
				CLANG_ANALYZER_NONNULL = YES;
				CLANG_CXX_LANGUAGE_STANDARD = "gnu++0x";
				CLANG_CXX_LIBRARY = "libc++";
				CLANG_ENABLE_MODULES = YES;
				CLANG_ENABLE_OBJC_ARC = YES;
				CLANG_WARN_BOOL_CONVERSION = YES;
				CLANG_WARN_CONSTANT_CONVERSION = YES;
				CLANG_WARN_DIRECT_OBJC_ISA_USAGE = YES_ERROR;
				CLANG_WARN_DOCUMENTATION_COMMENTS = YES;
				CLANG_WARN_EMPTY_BODY = YES;
				CLANG_WARN_ENUM_CONVERSION = YES;
				CLANG_WARN_INFINITE_RECURSION = YES;
				CLANG_WARN_INT_CONVERSION = YES;
				CLANG_WARN_OBJC_ROOT_CLASS = YES_ERROR;
				CLANG_WARN_SUSPICIOUS_MOVE = YES;
				CLANG_WARN_UNREACHABLE_CODE = YES;
				CLANG_WARN__DUPLICATE_METHOD_MATCH = YES;
				"CODE_SIGN_IDENTITY[sdk=iphoneos*]" = "iPhone Developer";
				COPY_PHASE_STRIP = NO;
				DEBUG_INFORMATION_FORMAT = dwarf;
				ENABLE_STRICT_OBJC_MSGSEND = YES;
				ENABLE_TESTABILITY = YES;
				GCC_C_LANGUAGE_STANDARD = gnu99;
				GCC_DYNAMIC_NO_PIC = NO;
				GCC_NO_COMMON_BLOCKS = YES;
				GCC_OPTIMIZATION_LEVEL = 0;
				GCC_PREPROCESSOR_DEFINITIONS = (
					"DEBUG=1",
					"$(inherited)",
				);
				GCC_WARN_64_TO_32_BIT_CONVERSION = YES;
				GCC_WARN_ABOUT_RETURN_TYPE = YES_ERROR;
				GCC_WARN_UNDECLARED_SELECTOR = YES;
				GCC_WARN_UNINITIALIZED_AUTOS = YES_AGGRESSIVE;
				GCC_WARN_UNUSED_FUNCTION = YES;
				GCC_WARN_UNUSED_VARIABLE = YES;
				IPHONEOS_DEPLOYMENT_TARGET = 10.2;
				MTL_ENABLE_DEBUG_INFO = YES;
				ONLY_ACTIVE_ARCH = YES;
				SDKROOT = iphoneos;
				SWIFT_ACTIVE_COMPILATION_CONDITIONS = DEBUG;
				SWIFT_OPTIMIZATION_LEVEL = "-Onone";
				TARGETED_DEVICE_FAMILY = "1,2";
			};
			name = Debug;
		};
		1889EF271E1CF2CE00D1F724 /* Release */ = {
			isa = XCBuildConfiguration;
			buildSettings = {
				ALWAYS_SEARCH_USER_PATHS = NO;
				CLANG_ANALYZER_NONNULL = YES;
				CLANG_CXX_LANGUAGE_STANDARD = "gnu++0x";
				CLANG_CXX_LIBRARY = "libc++";
				CLANG_ENABLE_MODULES = YES;
				CLANG_ENABLE_OBJC_ARC = YES;
				CLANG_WARN_BOOL_CONVERSION = YES;
				CLANG_WARN_CONSTANT_CONVERSION = YES;
				CLANG_WARN_DIRECT_OBJC_ISA_USAGE = YES_ERROR;
				CLANG_WARN_DOCUMENTATION_COMMENTS = YES;
				CLANG_WARN_EMPTY_BODY = YES;
				CLANG_WARN_ENUM_CONVERSION = YES;
				CLANG_WARN_INFINITE_RECURSION = YES;
				CLANG_WARN_INT_CONVERSION = YES;
				CLANG_WARN_OBJC_ROOT_CLASS = YES_ERROR;
				CLANG_WARN_SUSPICIOUS_MOVE = YES;
				CLANG_WARN_UNREACHABLE_CODE = YES;
				CLANG_WARN__DUPLICATE_METHOD_MATCH = YES;
				"CODE_SIGN_IDENTITY[sdk=iphoneos*]" = "iPhone Developer";
				COPY_PHASE_STRIP = NO;
				DEBUG_INFORMATION_FORMAT = "dwarf-with-dsym";
				ENABLE_NS_ASSERTIONS = NO;
				ENABLE_STRICT_OBJC_MSGSEND = YES;
				GCC_C_LANGUAGE_STANDARD = gnu99;
				GCC_NO_COMMON_BLOCKS = YES;
				GCC_WARN_64_TO_32_BIT_CONVERSION = YES;
				GCC_WARN_ABOUT_RETURN_TYPE = YES_ERROR;
				GCC_WARN_UNDECLARED_SELECTOR = YES;
				GCC_WARN_UNINITIALIZED_AUTOS = YES_AGGRESSIVE;
				GCC_WARN_UNUSED_FUNCTION = YES;
				GCC_WARN_UNUSED_VARIABLE = YES;
				IPHONEOS_DEPLOYMENT_TARGET = 10.2;
				MTL_ENABLE_DEBUG_INFO = NO;
				SDKROOT = iphoneos;
				SWIFT_OPTIMIZATION_LEVEL = "-Owholemodule";
				TARGETED_DEVICE_FAMILY = "1,2";
				VALIDATE_PRODUCT = YES;
			};
			name = Release;
		};
		1889EF291E1CF2CE00D1F724 /* Debug */ = {
			isa = XCBuildConfiguration;
			buildSettings = {
				ASSETCATALOG_COMPILER_APPICON_NAME = AppIcon;
				INFOPLIST_FILE = PartyRockApp/Info.plist;
				LD_RUNPATH_SEARCH_PATHS = "$(inherited) @executable_path/Frameworks";
				PRODUCT_BUNDLE_IDENTIFIER = Chen.PartyRockApp;
				PRODUCT_NAME = "$(TARGET_NAME)";
				SWIFT_VERSION = 3.0;
			};
			name = Debug;
		};
		1889EF2A1E1CF2CE00D1F724 /* Release */ = {
			isa = XCBuildConfiguration;
			buildSettings = {
				ASSETCATALOG_COMPILER_APPICON_NAME = AppIcon;
				INFOPLIST_FILE = PartyRockApp/Info.plist;
				LD_RUNPATH_SEARCH_PATHS = "$(inherited) @executable_path/Frameworks";
				PRODUCT_BUNDLE_IDENTIFIER = Chen.PartyRockApp;
				PRODUCT_NAME = "$(TARGET_NAME)";
				SWIFT_VERSION = 3.0;
			};
			name = Release;
		};
		1889EF2C1E1CF2CE00D1F724 /* Debug */ = {
			isa = XCBuildConfiguration;
			buildSettings = {
				ALWAYS_EMBED_SWIFT_STANDARD_LIBRARIES = YES;
				BUNDLE_LOADER = "$(TEST_HOST)";
				INFOPLIST_FILE = PartyRockAppTests/Info.plist;
				LD_RUNPATH_SEARCH_PATHS = "$(inherited) @executable_path/Frameworks @loader_path/Frameworks";
				PRODUCT_BUNDLE_IDENTIFIER = Chen.PartyRockAppTests;
				PRODUCT_NAME = "$(TARGET_NAME)";
				SWIFT_VERSION = 3.0;
				TEST_HOST = "$(BUILT_PRODUCTS_DIR)/PartyRockApp.app/PartyRockApp";
			};
			name = Debug;
		};
		1889EF2D1E1CF2CE00D1F724 /* Release */ = {
			isa = XCBuildConfiguration;
			buildSettings = {
				ALWAYS_EMBED_SWIFT_STANDARD_LIBRARIES = YES;
				BUNDLE_LOADER = "$(TEST_HOST)";
				INFOPLIST_FILE = PartyRockAppTests/Info.plist;
				LD_RUNPATH_SEARCH_PATHS = "$(inherited) @executable_path/Frameworks @loader_path/Frameworks";
				PRODUCT_BUNDLE_IDENTIFIER = Chen.PartyRockAppTests;
				PRODUCT_NAME = "$(TARGET_NAME)";
				SWIFT_VERSION = 3.0;
				TEST_HOST = "$(BUILT_PRODUCTS_DIR)/PartyRockApp.app/PartyRockApp";
			};
			name = Release;
		};
		1889EF2F1E1CF2CE00D1F724 /* Debug */ = {
			isa = XCBuildConfiguration;
			buildSettings = {
				ALWAYS_EMBED_SWIFT_STANDARD_LIBRARIES = YES;
				INFOPLIST_FILE = PartyRockAppUITests/Info.plist;
				LD_RUNPATH_SEARCH_PATHS = "$(inherited) @executable_path/Frameworks @loader_path/Frameworks";
				PRODUCT_BUNDLE_IDENTIFIER = Chen.PartyRockAppUITests;
				PRODUCT_NAME = "$(TARGET_NAME)";
				SWIFT_VERSION = 3.0;
				TEST_TARGET_NAME = PartyRockApp;
			};
			name = Debug;
		};
		1889EF301E1CF2CE00D1F724 /* Release */ = {
			isa = XCBuildConfiguration;
			buildSettings = {
				ALWAYS_EMBED_SWIFT_STANDARD_LIBRARIES = YES;
				INFOPLIST_FILE = PartyRockAppUITests/Info.plist;
				LD_RUNPATH_SEARCH_PATHS = "$(inherited) @executable_path/Frameworks @loader_path/Frameworks";
				PRODUCT_BUNDLE_IDENTIFIER = Chen.PartyRockAppUITests;
				PRODUCT_NAME = "$(TARGET_NAME)";
				SWIFT_VERSION = 3.0;
				TEST_TARGET_NAME = PartyRockApp;
			};
			name = Release;
		};
/* End XCBuildConfiguration section */

/* Begin XCConfigurationList section */
		1889EEFB1E1CF2CD00D1F724 /* Build configuration list for PBXProject "PartyRockApp" */ = {
			isa = XCConfigurationList;
			buildConfigurations = (
				1889EF261E1CF2CE00D1F724 /* Debug */,
				1889EF271E1CF2CE00D1F724 /* Release */,
			);
			defaultConfigurationIsVisible = 0;
			defaultConfigurationName = Release;
		};
		1889EF281E1CF2CE00D1F724 /* Build configuration list for PBXNativeTarget "PartyRockApp" */ = {
			isa = XCConfigurationList;
			buildConfigurations = (
				1889EF291E1CF2CE00D1F724 /* Debug */,
				1889EF2A1E1CF2CE00D1F724 /* Release */,
			);
			defaultConfigurationIsVisible = 0;
		};
		1889EF2B1E1CF2CE00D1F724 /* Build configuration list for PBXNativeTarget "PartyRockAppTests" */ = {
			isa = XCConfigurationList;
			buildConfigurations = (
				1889EF2C1E1CF2CE00D1F724 /* Debug */,
				1889EF2D1E1CF2CE00D1F724 /* Release */,
			);
			defaultConfigurationIsVisible = 0;
		};
		1889EF2E1E1CF2CE00D1F724 /* Build configuration list for PBXNativeTarget "PartyRockAppUITests" */ = {
			isa = XCConfigurationList;
			buildConfigurations = (
				1889EF2F1E1CF2CE00D1F724 /* Debug */,
				1889EF301E1CF2CE00D1F724 /* Release */,
			);
			defaultConfigurationIsVisible = 0;
		};
/* End XCConfigurationList section */
	};
	rootObject = 1889EEF81E1CF2CD00D1F724 /* Project object */;
}
